
Microsoft Visual Studio Solution File, Format Version 12.00
# Visual Studio Version 16
VisualStudioVersion = 16.0.28803.202
MinimumVisualStudioVersion = 10.0.40219.1
Project("{FAE04EC0-301F-11D3-BF4B-00C04F79EFBC}") = "BKNBrauhelferKonverter", "BKNBrauhelferKonverter\BKNBrauhelferKonverter.csproj", "{FAF984E7-E5DB-461D-A4AB-3E1D5CDD29CF}"
EndProject
Global
	GlobalSection(SolutionConfigurationPlatforms) = preSolution
		Debug|Any CPU = Debug|Any CPU
		Release|Any CPU = Release|Any CPU
	EndGlobalSection
	GlobalSection(ProjectConfigurationPlatforms) = postSolution
		{FAF984E7-E5DB-461D-A4AB-3E1D5CDD29CF}.Debug|Any CPU.ActiveCfg = Debug|Any CPU
		{FAF984E7-E5DB-461D-A4AB-3E1D5CDD29CF}.Debug|Any CPU.Build.0 = Debug|Any CPU
		{FAF984E7-E5DB-461D-A4AB-3E1D5CDD29CF}.Release|Any CPU.ActiveCfg = Release|Any CPU
		{FAF984E7-E5DB-461D-A4AB-3E1D5CDD29CF}.Release|Any CPU.Build.0 = Release|Any CPU
	EndGlobalSection
	GlobalSection(SolutionProperties) = preSolution
		HideSolutionNode = FALSE
	EndGlobalSection
	GlobalSection(ExtensibilityGlobals) = postSolution
		SolutionGuid = {4AC84F44-FF8F-4591-B093-2EF785B97AE0}
	EndGlobalSection
EndGlobal
